{
  "name": "thryve-va-portal",
  "lockfileVersion": 2,
  "requires": true,
  "packages": {
    "": {
      "name": "thryve-va-portal",
      "version": "1.0.0",
      "dependencies": {
        "firebase": "^11.8.1",
        "react": "^18.2.0",
        "react-dom": "^18.2.0"
      },
      "devDependencies": {
        "vite": "^4.0.0"
      }
    }
  }
}